
Microsoft Visual Studio Solution File, Format Version 12.00
# Visual Studio Version 17
VisualStudioVersion = 17.3.32901.215
MinimumVisualStudioVersion = 10.0.40219.1
Project("{8BC9CEB8-8B4A-11D0-8D11-00A0C91BC942}") = "3W", "Project1\Project1.vcxproj", "{838BB29C-32BE-4608-A62A-7641C3DD5AE9}"
EndProject
Project("{8BC9CEB8-8B4A-11D0-8D11-00A0C91BC942}") = "6W", "6W\6W.vcxproj", "{9B8EFD1E-BD93-4CB0-BD72-01DE2F0DAA53}"
EndProject
Global
	GlobalSection(SolutionConfigurationPlatforms) = preSolution
		Debug|x64 = Debug|x64
		Debug|x86 = Debug|x86
		Release|x64 = Release|x64
		Release|x86 = Release|x86
	EndGlobalSection
	GlobalSection(ProjectConfigurationPlatforms) = postSolution
		{838BB29C-32BE-4608-A62A-7641C3DD5AE9}.Debug|x64.ActiveCfg = Debug|x64
		{838BB29C-32BE-4608-A62A-7641C3DD5AE9}.Debug|x64.Build.0 = Debug|x64
		{838BB29C-32BE-4608-A62A-7641C3DD5AE9}.Debug|x86.ActiveCfg = Debug|Win32
		{838BB29C-32BE-4608-A62A-7641C3DD5AE9}.Debug|x86.Build.0 = Debug|Win32
		{838BB29C-32BE-4608-A62A-7641C3DD5AE9}.Release|x64.ActiveCfg = Release|x64
		{838BB29C-32BE-4608-A62A-7641C3DD5AE9}.Release|x64.Build.0 = Release|x64
		{838BB29C-32BE-4608-A62A-7641C3DD5AE9}.Release|x86.ActiveCfg = Release|Win32
		{838BB29C-32BE-4608-A62A-7641C3DD5AE9}.Release|x86.Build.0 = Release|Win32
		{9B8EFD1E-BD93-4CB0-BD72-01DE2F0DAA53}.Debug|x64.ActiveCfg = Debug|x64
		{9B8EFD1E-BD93-4CB0-BD72-01DE2F0DAA53}.Debug|x64.Build.0 = Debug|x64
		{9B8EFD1E-BD93-4CB0-BD72-01DE2F0DAA53}.Debug|x86.ActiveCfg = Debug|Win32
		{9B8EFD1E-BD93-4CB0-BD72-01DE2F0DAA53}.Debug|x86.Build.0 = Debug|Win32
		{9B8EFD1E-BD93-4CB0-BD72-01DE2F0DAA53}.Release|x64.ActiveCfg = Release|x64
		{9B8EFD1E-BD93-4CB0-BD72-01DE2F0DAA53}.Release|x64.Build.0 = Release|x64
		{9B8EFD1E-BD93-4CB0-BD72-01DE2F0DAA53}.Release|x86.ActiveCfg = Release|Win32
		{9B8EFD1E-BD93-4CB0-BD72-01DE2F0DAA53}.Release|x86.Build.0 = Release|Win32
	EndGlobalSection
	GlobalSection(SolutionProperties) = preSolution
		HideSolutionNode = FALSE
	EndGlobalSection
	GlobalSection(ExtensibilityGlobals) = postSolution
		SolutionGuid = {979EEE42-FB22-42D3-A42D-C631F8397D02}
	EndGlobalSection
EndGlobal
